# THIS IS AN AUTOGENERATED FILE. DO NOT EDIT THIS FILE DIRECTLY.
# yarn lockfile v1


vim-language-server@^2.3.1:
  version "2.3.1"
  resolved "https://artifacts.riotgames.com:443/artifactory/api/npm/npm/vim-language-server/-/vim-language-server-2.3.1.tgz#15f9eb322572407b8e87eae65abfe7fd9d2f8dbd"
  integrity sha512-Y9Zy3NKzfndLUfuZRrITkpfGvpL2K7hNPV8sJ1iB6mf1YRxIX3Hs6lwZimoD5pmvamUaOQhNGYMS/Ox9itzA4Q==
